// !$*UTF8*$!
{
	archiveVersion = 1;
	classes = {
	};
	objectVersion = 52;
	objects = {

/* Begin PBXBuildFile section */
		5568E80D236ADB4800FA12EB /* AppDelegate.swift in Sources */ = {isa = PBXBuildFile; fileRef = 5568E80C236ADB4800FA12EB /* AppDelegate.swift */; };
		5568E80F236ADB4800FA12EB /* SceneDelegate.swift in Sources */ = {isa = PBXBuildFile; fileRef = 5568E80E236ADB4800FA12EB /* SceneDelegate.swift */; };
		5568E811236ADB4800FA12EB /* ViewController.swift in Sources */ = {isa = PBXBuildFile; fileRef = 5568E810236ADB4800FA12EB /* ViewController.swift */; };
		5568E814236ADB4800FA12EB /* Main.storyboard in Resources */ = {isa = PBXBuildFile; fileRef = 5568E812236ADB4800FA12EB /* Main.storyboard */; };
		5568E816236ADB5200FA12EB /* Assets.xcassets in Resources */ = {isa = PBXBuildFile; fileRef = 5568E815236ADB5200FA12EB /* Assets.xcassets */; };
		5568E819236ADB5200FA12EB /* LaunchScreen.storyboard in Resources */ = {isa = PBXBuildFile; fileRef = 5568E817236ADB5200FA12EB /* LaunchScreen.storyboard */; };
		55E80EAE236C80AE00FBECAF /* DemoLib in Frameworks */ = {isa = PBXBuildFile; productRef = 55E80EAD236C80AE00FBECAF /* DemoLib */; };
/* End PBXBuildFile section */

/* Begin PBXFileReference section */
		5568E809236ADB4800FA12EB /* private-dependencies-demo.app */ = {isa = PBXFileReference; explicitFileType = wrapper.application; includeInIndex = 0; path = "private-dependencies-demo.app"; sourceTree = BUILT_PRODUCTS_DIR; };
		5568E80C236ADB4800FA12EB /* AppDelegate.swift */ = {isa = PBXFileReference; lastKnownFileType = sourcecode.swift; path = AppDelegate.swift; sourceTree = "<group>"; };
		5568E80E236ADB4800FA12EB /* SceneDelegate.swift */ = {isa = PBXFileReference; lastKnownFileType = sourcecode.swift; path = SceneDelegate.swift; sourceTree = "<group>"; };
		5568E810236ADB4800FA12EB /* ViewController.swift */ = {isa = PBXFileReference; lastKnownFileType = sourcecode.swift; path = ViewController.swift; sourceTree = "<group>"; };
		5568E813236ADB4800FA12EB /* Base */ = {isa = PBXFileReference; lastKnownFileType = file.storyboard; name = Base; path = Base.lproj/Main.storyboard; sourceTree = "<group>"; };
		5568E815236ADB5200FA12EB /* Assets.xcassets */ = {isa = PBXFileReference; lastKnownFileType = folder.assetcatalog; path = Assets.xcassets; sourceTree = "<group>"; };
		5568E818236ADB5200FA12EB /* Base */ = {isa = PBXFileReference; lastKnownFileType = file.storyboard; name = Base; path = Base.lproj/LaunchScreen.storyboard; sourceTree = "<group>"; };
		5568E81A236ADB5200FA12EB /* Info.plist */ = {isa = PBXFileReference; lastKnownFileType = text.plist.xml; path = Info.plist; sourceTree = "<group>"; };
/* End PBXFileReference section */

/* Begin PBXFrameworksBuildPhase section */
		5568E806236ADB4800FA12EB /* Frameworks */ = {
			isa = PBXFrameworksBuildPhase;
			buildActionMask = 2147483647;
			files = (
				55E80EAE236C80AE00FBECAF /* DemoLib in Frameworks */,
			);
			runOnlyForDeploymentPostprocessing = 0;
		};
/* End PBXFrameworksBuildPhase section */

/* Begin PBXGroup section */
		5568E800236ADB4800FA12EB = {
			isa = PBXGroup;
			children = (
				5568E80B236ADB4800FA12EB /* private-dependencies-demo */,
				5568E80A236ADB4800FA12EB /* Products */,
			);
			sourceTree = "<group>";
		};
		5568E80A236ADB4800FA12EB /* Products */ = {
			isa = PBXGroup;
			children = (
				5568E809236ADB4800FA12EB /* private-dependencies-demo.app */,
			);
			name = Products;
			sourceTree = "<group>";
		};
		5568E80B236ADB4800FA12EB /* private-dependencies-demo */ = {
			isa = PBXGroup;
			children = (
				5568E80C236ADB4800FA12EB /* AppDelegate.swift */,
				5568E80E236ADB4800FA12EB /* SceneDelegate.swift */,
				5568E810236ADB4800FA12EB /* ViewController.swift */,
				5568E812236ADB4800FA12EB /* Main.storyboard */,
				5568E815236ADB5200FA12EB /* Assets.xcassets */,
				5568E817236ADB5200FA12EB /* LaunchScreen.storyboard */,
				5568E81A236ADB5200FA12EB /* Info.plist */,
			);
			path = "private-dependencies-demo";
			sourceTree = "<group>";
		};
/* End PBXGroup section */

/* Begin PBXNativeTarget section */
		5568E808236ADB4800FA12EB /* private-dependencies-demo */ = {
			isa = PBXNativeTarget;
			buildConfigurationList = 5568E81D236ADB5200FA12EB /* Build configuration list for PBXNativeTarget "private-dependencies-demo" */;
			buildPhases = (
				5568E805236ADB4800FA12EB /* Sources */,
				5568E806236ADB4800FA12EB /* Frameworks */,
				5568E807236ADB4800FA12EB /* Resources */,
			);
			buildRules = (
			);
			dependencies = (
			);
			name = "private-dependencies-demo";
			packageProductDependencies = (
				55E80EAD236C80AE00FBECAF /* DemoLib */,
			);
			productName = "private-dependencies-demo";
			productReference = 5568E809236ADB4800FA12EB /* private-dependencies-demo.app */;
			productType = "com.apple.product-type.application";
		};
/* End PBXNativeTarget section */

/* Begin PBXProject section */
		5568E801236ADB4800FA12EB /* Project object */ = {
			isa = PBXProject;
			attributes = {
				LastSwiftUpdateCheck = 1110;
				LastUpgradeCheck = 1110;
				ORGANIZATIONNAME = Gnosis;
				TargetAttributes = {
					5568E808236ADB4800FA12EB = {
						CreatedOnToolsVersion = 11.1;
					};
				};
			};
			buildConfigurationList = 5568E804236ADB4800FA12EB /* Build configuration list for PBXProject "private-dependencies-demo" */;
			compatibilityVersion = "Xcode 9.3";
			developmentRegion = en;
			hasScannedForEncodings = 0;
			knownRegions = (
				en,
				Base,
			);
			mainGroup = 5568E800236ADB4800FA12EB;
			packageReferences = (
				55E80EAC236C80AE00FBECAF /* XCRemoteSwiftPackageReference "ios-demo-lib" */,
			);
			productRefGroup = 5568E80A236ADB4800FA12EB /* Products */;
			projectDirPath = "";
			projectRoot = "";
			targets = (
				5568E808236ADB4800FA12EB /* private-dependencies-demo */,
			);
		};
/* End PBXProject section */

/* Begin PBXResourcesBuildPhase section */
		5568E807236ADB4800FA12EB /* Resources */ = {
			isa = PBXResourcesBuildPhase;
			buildActionMask = 2147483647;
			files = (
				5568E819236ADB5200FA12EB /* LaunchScreen.storyboard in Resources */,
				5568E816236ADB5200FA12EB /* Assets.xcassets in Resources */,
				5568E814236ADB4800FA12EB /* Main.storyboard in Resources */,
			);
			runOnlyForDeploymentPostprocessing = 0;
		};
/* End PBXResourcesBuildPhase section */

/* Begin PBXSourcesBuildPhase section */
		5568E805236ADB4800FA12EB /* Sources */ = {
			isa = PBXSourcesBuildPhase;
			buildActionMask = 2147483647;
			files = (
				5568E811236ADB4800FA12EB /* ViewController.swift in Sources */,
				5568E80D236ADB4800FA12EB /* AppDelegate.swift in Sources */,
				5568E80F236ADB4800FA12EB /* SceneDelegate.swift in Sources */,
			);
			runOnlyForDeploymentPostprocessing = 0;
		};
/* End PBXSourcesBuildPhase section */

/* Begin PBXVariantGroup section */
		5568E812236ADB4800FA12EB /* Main.storyboard */ = {
			isa = PBXVariantGroup;
			children = (
				5568E813236ADB4800FA12EB /* Base */,
			);
			name = Main.storyboard;
			sourceTree = "<group>";
		};
		5568E817236ADB5200FA12EB /* LaunchScreen.storyboard */ = {
			isa = PBXVariantGroup;
			children = (
				5568E818236ADB5200FA12EB /* Base */,
			);
			name = LaunchScreen.storyboard;
			sourceTree = "<group>";
		};
/* End PBXVariantGroup section */

/* Begin XCBuildConfiguration section */
		5568E81B236ADB5200FA12EB /* Debug */ = {
			isa = XCBuildConfiguration;
			buildSettings = {
				ALWAYS_SEARCH_USER_PATHS = NO;
				CLANG_ANALYZER_NONNULL = YES;
				CLANG_ANALYZER_NUMBER_OBJECT_CONVERSION = YES_AGGRESSIVE;
				CLANG_CXX_LANGUAGE_STANDARD = "gnu++14";
				CLANG_CXX_LIBRARY = "libc++";
				CLANG_ENABLE_MODULES = YES;
				CLANG_ENABLE_OBJC_ARC = YES;
				CLANG_ENABLE_OBJC_WEAK = YES;
				CLANG_WARN_BLOCK_CAPTURE_AUTORELEASING = YES;
				CLANG_WARN_BOOL_CONVERSION = YES;
				CLANG_WARN_COMMA = YES;
				CLANG_WARN_CONSTANT_CONVERSION = YES;
				CLANG_WARN_DEPRECATED_OBJC_IMPLEMENTATIONS = YES;
				CLANG_WARN_DIRECT_OBJC_ISA_USAGE = YES_ERROR;
				CLANG_WARN_DOCUMENTATION_COMMENTS = YES;
				CLANG_WARN_EMPTY_BODY = YES;
				CLANG_WARN_ENUM_CONVERSION = YES;
				CLANG_WARN_INFINITE_RECURSION = YES;
				CLANG_WARN_INT_CONVERSION = YES;
				CLANG_WARN_NON_LITERAL_NULL_CONVERSION = YES;
				CLANG_WARN_OBJC_IMPLICIT_RETAIN_SELF = YES;
				CLANG_WARN_OBJC_LITERAL_CONVERSION = YES;
				CLANG_WARN_OBJC_ROOT_CLASS = YES_ERROR;
				CLANG_WARN_RANGE_LOOP_ANALYSIS = YES;
				CLANG_WARN_STRICT_PROTOTYPES = YES;
				CLANG_WARN_SUSPICIOUS_MOVE = YES;
				CLANG_WARN_UNGUARDED_AVAILABILITY = YES_AGGRESSIVE;
				CLANG_WARN_UNREACHABLE_CODE = YES;
				CLANG_WARN__DUPLICATE_METHOD_MATCH = YES;
				COPY_PHASE_STRIP = NO;
				DEBUG_INFORMATION_FORMAT = dwarf;
				ENABLE_STRICT_OBJC_MSGSEND = YES;
				ENABLE_TESTABILITY = YES;
				GCC_C_LANGUAGE_STANDARD = gnu11;
				GCC_DYNAMIC_NO_PIC = NO;
				GCC_NO_COMMON_BLOCKS = YES;
				GCC_OPTIMIZATION_LEVEL = 0;
				GCC_PREPROCESSOR_DEFINITIONS = (
					"DEBUG=1",
					"$(inherited)",
				);
				GCC_WARN_64_TO_32_BIT_CONVERSION = YES;
				GCC_WARN_ABOUT_RETURN_TYPE = YES_ERROR;
				GCC_WARN_UNDECLARED_SELECTOR = YES;
				GCC_WARN_UNINITIALIZED_AUTOS = YES_AGGRESSIVE;
				GCC_WARN_UNUSED_FUNCTION = YES;
				GCC_WARN_UNUSED_VARIABLE = YES;
				IPHONEOS_DEPLOYMENT_TARGET = 13.1;
				MTL_ENABLE_DEBUG_INFO = INCLUDE_SOURCE;
				MTL_FAST_MATH = YES;
				ONLY_ACTIVE_ARCH = YES;
				SDKROOT = iphoneos;
				SWIFT_ACTIVE_COMPILATION_CONDITIONS = DEBUG;
				SWIFT_OPTIMIZATION_LEVEL = "-Onone";
			};
			name = Debug;
		};
		5568E81C236ADB5200FA12EB /* Release */ = {
			isa = XCBuildConfiguration;
			buildSettings = {
				ALWAYS_SEARCH_USER_PATHS = NO;
				CLANG_ANALYZER_NONNULL = YES;
				CLANG_ANALYZER_NUMBER_OBJECT_CONVERSION = YES_AGGRESSIVE;
				CLANG_CXX_LANGUAGE_STANDARD = "gnu++14";
				CLANG_CXX_LIBRARY = "libc++";
				CLANG_ENABLE_MODULES = YES;
				CLANG_ENABLE_OBJC_ARC = YES;
				CLANG_ENABLE_OBJC_WEAK = YES;
				CLANG_WARN_BLOCK_CAPTURE_AUTORELEASING = YES;
				CLANG_WARN_BOOL_CONVERSION = YES;
				CLANG_WARN_COMMA = YES;
				CLANG_WARN_CONSTANT_CONVERSION = YES;
				CLANG_WARN_DEPRECATED_OBJC_IMPLEMENTATIONS = YES;
				CLANG_WARN_DIRECT_OBJC_ISA_USAGE = YES_ERROR;
				CLANG_WARN_DOCUMENTATION_COMMENTS = YES;
				CLANG_WARN_EMPTY_BODY = YES;
				CLANG_WARN_ENUM_CONVERSION = YES;
				CLANG_WARN_INFINITE_RECURSION = YES;
				CLANG_WARN_INT_CONVERSION = YES;
				CLANG_WARN_NON_LITERAL_NULL_CONVERSION = YES;
				CLANG_WARN_OBJC_IMPLICIT_RETAIN_SELF = YES;
				CLANG_WARN_OBJC_LITERAL_CONVERSION = YES;
				CLANG_WARN_OBJC_ROOT_CLASS = YES_ERROR;
				CLANG_WARN_RANGE_LOOP_ANALYSIS = YES;
				CLANG_WARN_STRICT_PROTOTYPES = YES;
				CLANG_WARN_SUSPICIOUS_MOVE = YES;
				CLANG_WARN_UNGUARDED_AVAILABILITY = YES_AGGRESSIVE;
				CLANG_WARN_UNREACHABLE_CODE = YES;
				CLANG_WARN__DUPLICATE_METHOD_MATCH = YES;
				COPY_PHASE_STRIP = NO;
				DEBUG_INFORMATION_FORMAT = "dwarf-with-dsym";
				ENABLE_NS_ASSERTIONS = NO;
				ENABLE_STRICT_OBJC_MSGSEND = YES;
				GCC_C_LANGUAGE_STANDARD = gnu11;
				GCC_NO_COMMON_BLOCKS = YES;
				GCC_WARN_64_TO_32_BIT_CONVERSION = YES;
				GCC_WARN_ABOUT_RETURN_TYPE = YES_ERROR;
				GCC_WARN_UNDECLARED_SELECTOR = YES;
				GCC_WARN_UNINITIALIZED_AUTOS = YES_AGGRESSIVE;
				GCC_WARN_UNUSED_FUNCTION = YES;
				GCC_WARN_UNUSED_VARIABLE = YES;
				IPHONEOS_DEPLOYMENT_TARGET = 13.1;
				MTL_ENABLE_DEBUG_INFO = NO;
				MTL_FAST_MATH = YES;
				SDKROOT = iphoneos;
				SWIFT_COMPILATION_MODE = wholemodule;
				SWIFT_OPTIMIZATION_LEVEL = "-O";
				VALIDATE_PRODUCT = YES;
			};
			name = Release;
		};
		5568E81E236ADB5200FA12EB /* Debug */ = {
			isa = XCBuildConfiguration;
			buildSettings = {
				ASSETCATALOG_COMPILER_APPICON_NAME = AppIcon;
				CODE_SIGN_STYLE = Automatic;
				DEVELOPMENT_TEAM = 6GW6JMD78B;
				INFOPLIST_FILE = "private-dependencies-demo/Info.plist";
				LD_RUNPATH_SEARCH_PATHS = (
					"$(inherited)",
					"@executable_path/Frameworks",
				);
				PRODUCT_BUNDLE_IDENTIFIER = "eth.scherbovich.private-dependencies-demo";
				PRODUCT_NAME = "$(TARGET_NAME)";
				SWIFT_VERSION = 5.0;
				TARGETED_DEVICE_FAMILY = "1,2";
			};
			name = Debug;
		};
		5568E81F236ADB5200FA12EB /* Release */ = {
			isa = XCBuildConfiguration;
			buildSettings = {
				ASSETCATALOG_COMPILER_APPICON_NAME = AppIcon;
				CODE_SIGN_STYLE = Automatic;
				DEVELOPMENT_TEAM = 6GW6JMD78B;
				INFOPLIST_FILE = "private-dependencies-demo/Info.plist";
				LD_RUNPATH_SEARCH_PATHS = (
					"$(inherited)",
					"@executable_path/Frameworks",
				);
				PRODUCT_BUNDLE_IDENTIFIER = "eth.scherbovich.private-dependencies-demo";
				PRODUCT_NAME = "$(TARGET_NAME)";
				SWIFT_VERSION = 5.0;
				TARGETED_DEVICE_FAMILY = "1,2";
			};
			name = Release;
		};
/* End XCBuildConfiguration section */

/* Begin XCConfigurationList section */
		5568E804236ADB4800FA12EB /* Build configuration list for PBXProject "private-dependencies-demo" */ = {
			isa = XCConfigurationList;
			buildConfigurations = (
				5568E81B236ADB5200FA12EB /* Debug */,
				5568E81C236ADB5200FA12EB /* Release */,
			);
			defaultConfigurationIsVisible = 0;
			defaultConfigurationName = Release;
		};
		5568E81D236ADB5200FA12EB /* Build configuration list for PBXNativeTarget "private-dependencies-demo" */ = {
			isa = XCConfigurationList;
			buildConfigurations = (
				5568E81E236ADB5200FA12EB /* Debug */,
				5568E81F236ADB5200FA12EB /* Release */,
			);
			defaultConfigurationIsVisible = 0;
			defaultConfigurationName = Release;
		};
/* End XCConfigurationList section */

/* Begin XCRemoteSwiftPackageReference section */
		55E80EAC236C80AE00FBECAF /* XCRemoteSwiftPackageReference "ios-demo-lib" */ = {
			isa = XCRemoteSwiftPackageReference;
			repositoryURL = "https://github.com/sche/ios-demo-lib.git";
			requirement = {
				branch = master;
				kind = branch;
			};
		};
/* End XCRemoteSwiftPackageReference section */

/* Begin XCSwiftPackageProductDependency section */
		55E80EAD236C80AE00FBECAF /* DemoLib */ = {
			isa = XCSwiftPackageProductDependency;
			package = 55E80EAC236C80AE00FBECAF /* XCRemoteSwiftPackageReference "ios-demo-lib" */;
			productName = DemoLib;
		};
/* End XCSwiftPackageProductDependency section */
	};
	rootObject = 5568E801236ADB4800FA12EB /* Project object */;
}
